// !$*UTF8*$!
{
	archiveVersion = 1;
	classes = {
	};
	objectVersion = 48;
	objects = {

/* Begin PBXBuildFile section */
		B608A7E71FE9C50D0031089F /* AppDelegate.m in Sources */ = {isa = PBXBuildFile; fileRef = B608A7E61FE9C50D0031089F /* AppDelegate.m */; };
		B608A7EA1FE9C50D0031089F /* ViewController.m in Sources */ = {isa = PBXBuildFile; fileRef = B608A7E91FE9C50D0031089F /* ViewController.m */; };
		B608A7ED1FE9C50D0031089F /* Main.storyboard in Resources */ = {isa = PBXBuildFile; fileRef = B608A7EB1FE9C50D0031089F /* Main.storyboard */; };
		B608A7EF1FE9C50D0031089F /* Assets.xcassets in Resources */ = {isa = PBXBuildFile; fileRef = B608A7EE1FE9C50D0031089F /* Assets.xcassets */; };
		B608A7F21FE9C50D0031089F /* LaunchScreen.storyboard in Resources */ = {isa = PBXBuildFile; fileRef = B608A7F01FE9C50D0031089F /* LaunchScreen.storyboard */; };
		B608A7F51FE9C50D0031089F /* main.m in Sources */ = {isa = PBXBuildFile; fileRef = B608A7F41FE9C50D0031089F /* main.m */; };
		B608A7FF1FE9C50E0031089F /* sdkTests.m in Sources */ = {isa = PBXBuildFile; fileRef = B608A7FE1FE9C50E0031089F /* sdkTests.m */; };
		B608A80A1FE9C50E0031089F /* sdkUITests.m in Sources */ = {isa = PBXBuildFile; fileRef = B608A8091FE9C50E0031089F /* sdkUITests.m */; };
		B68E5742200EA544003BA425 /* SearchViewController.m in Sources */ = {isa = PBXBuildFile; fileRef = B68E5741200EA544003BA425 /* SearchViewController.m */; };
/* End PBXBuildFile section */

/* Begin PBXContainerItemProxy section */
		B608A7FB1FE9C50E0031089F /* PBXContainerItemProxy */ = {
			isa = PBXContainerItemProxy;
			containerPortal = B608A7DA1FE9C50D0031089F /* Project object */;
			proxyType = 1;
			remoteGlobalIDString = B608A7E11FE9C50D0031089F;
			remoteInfo = sdk;
		};
		B608A8061FE9C50E0031089F /* PBXContainerItemProxy */ = {
			isa = PBXContainerItemProxy;
			containerPortal = B608A7DA1FE9C50D0031089F /* Project object */;
			proxyType = 1;
			remoteGlobalIDString = B608A7E11FE9C50D0031089F;
			remoteInfo = sdk;
		};
/* End PBXContainerItemProxy section */

/* Begin PBXFileReference section */
		B608A7E21FE9C50D0031089F /* sdk.app */ = {isa = PBXFileReference; explicitFileType = wrapper.application; includeInIndex = 0; path = sdk.app; sourceTree = BUILT_PRODUCTS_DIR; };
		B608A7E51FE9C50D0031089F /* AppDelegate.h */ = {isa = PBXFileReference; lastKnownFileType = sourcecode.c.h; path = AppDelegate.h; sourceTree = "<group>"; };
		B608A7E61FE9C50D0031089F /* AppDelegate.m */ = {isa = PBXFileReference; lastKnownFileType = sourcecode.c.objc; path = AppDelegate.m; sourceTree = "<group>"; };
		B608A7E81FE9C50D0031089F /* ViewController.h */ = {isa = PBXFileReference; lastKnownFileType = sourcecode.c.h; path = ViewController.h; sourceTree = "<group>"; };
		B608A7E91FE9C50D0031089F /* ViewController.m */ = {isa = PBXFileReference; lastKnownFileType = sourcecode.c.objc; path = ViewController.m; sourceTree = "<group>"; };
		B608A7EC1FE9C50D0031089F /* Base */ = {isa = PBXFileReference; lastKnownFileType = file.storyboard; name = Base; path = Base.lproj/Main.storyboard; sourceTree = "<group>"; };
		B608A7EE1FE9C50D0031089F /* Assets.xcassets */ = {isa = PBXFileReference; lastKnownFileType = folder.assetcatalog; path = Assets.xcassets; sourceTree = "<group>"; };
		B608A7F11FE9C50D0031089F /* Base */ = {isa = PBXFileReference; lastKnownFileType = file.storyboard; name = Base; path = Base.lproj/LaunchScreen.storyboard; sourceTree = "<group>"; };
		B608A7F31FE9C50D0031089F /* Info.plist */ = {isa = PBXFileReference; lastKnownFileType = text.plist.xml; path = Info.plist; sourceTree = "<group>"; };
		B608A7F41FE9C50D0031089F /* main.m */ = {isa = PBXFileReference; lastKnownFileType = sourcecode.c.objc; path = main.m; sourceTree = "<group>"; };
		B608A7FA1FE9C50E0031089F /* sdkTests.xctest */ = {isa = PBXFileReference; explicitFileType = wrapper.cfbundle; includeInIndex = 0; path = sdkTests.xctest; sourceTree = BUILT_PRODUCTS_DIR; };
		B608A7FE1FE9C50E0031089F /* sdkTests.m */ = {isa = PBXFileReference; lastKnownFileType = sourcecode.c.objc; path = sdkTests.m; sourceTree = "<group>"; };
		B608A8001FE9C50E0031089F /* Info.plist */ = {isa = PBXFileReference; lastKnownFileType = text.plist.xml; path = Info.plist; sourceTree = "<group>"; };
		B608A8051FE9C50E0031089F /* sdkUITests.xctest */ = {isa = PBXFileReference; explicitFileType = wrapper.cfbundle; includeInIndex = 0; path = sdkUITests.xctest; sourceTree = BUILT_PRODUCTS_DIR; };
		B608A8091FE9C50E0031089F /* sdkUITests.m */ = {isa = PBXFileReference; lastKnownFileType = sourcecode.c.objc; path = sdkUITests.m; sourceTree = "<group>"; };
		B608A80B1FE9C50E0031089F /* Info.plist */ = {isa = PBXFileReference; lastKnownFileType = text.plist.xml; path = Info.plist; sourceTree = "<group>"; };
		B68E5740200EA544003BA425 /* SearchViewController.h */ = {isa = PBXFileReference; lastKnownFileType = sourcecode.c.h; path = SearchViewController.h; sourceTree = "<group>"; };
		B68E5741200EA544003BA425 /* SearchViewController.m */ = {isa = PBXFileReference; lastKnownFileType = sourcecode.c.objc; path = SearchViewController.m; sourceTree = "<group>"; };
/* End PBXFileReference section */

/* Begin PBXFrameworksBuildPhase section */
		B608A7DF1FE9C50D0031089F /* Frameworks */ = {
			isa = PBXFrameworksBuildPhase;
			buildActionMask = 2147483647;
			files = (
			);
			runOnlyForDeploymentPostprocessing = 0;
		};
		B608A7F71FE9C50E0031089F /* Frameworks */ = {
			isa = PBXFrameworksBuildPhase;
			buildActionMask = 2147483647;
			files = (
			);
			runOnlyForDeploymentPostprocessing = 0;
		};
		B608A8021FE9C50E0031089F /* Frameworks */ = {
			isa = PBXFrameworksBuildPhase;
			buildActionMask = 2147483647;
			files = (
			);
			runOnlyForDeploymentPostprocessing = 0;
		};
/* End PBXFrameworksBuildPhase section */

/* Begin PBXGroup section */
		B608A7D91FE9C50D0031089F = {
			isa = PBXGroup;
			children = (
				B608A7E41FE9C50D0031089F /* sdk */,
				B608A7FD1FE9C50E0031089F /* sdkTests */,
				B608A8081FE9C50E0031089F /* sdkUITests */,
				B608A7E31FE9C50D0031089F /* Products */,
			);
			sourceTree = "<group>";
		};
		B608A7E31FE9C50D0031089F /* Products */ = {
			isa = PBXGroup;
			children = (
				B608A7E21FE9C50D0031089F /* sdk.app */,
				B608A7FA1FE9C50E0031089F /* sdkTests.xctest */,
				B608A8051FE9C50E0031089F /* sdkUITests.xctest */,
			);
			name = Products;
			sourceTree = "<group>";
		};
		B608A7E41FE9C50D0031089F /* sdk */ = {
			isa = PBXGroup;
			children = (
				B608A7E51FE9C50D0031089F /* AppDelegate.h */,
				B608A7E61FE9C50D0031089F /* AppDelegate.m */,
				B608A7E81FE9C50D0031089F /* ViewController.h */,
				B608A7E91FE9C50D0031089F /* ViewController.m */,
				B608A7EB1FE9C50D0031089F /* Main.storyboard */,
				B608A7EE1FE9C50D0031089F /* Assets.xcassets */,
				B608A7F01FE9C50D0031089F /* LaunchScreen.storyboard */,
				B608A7F31FE9C50D0031089F /* Info.plist */,
				B608A7F41FE9C50D0031089F /* main.m */,
				B68E5740200EA544003BA425 /* SearchViewController.h */,
				B68E5741200EA544003BA425 /* SearchViewController.m */,
			);
			path = sdk;
			sourceTree = "<group>";
		};
		B608A7FD1FE9C50E0031089F /* sdkTests */ = {
			isa = PBXGroup;
			children = (
				B608A7FE1FE9C50E0031089F /* sdkTests.m */,
				B608A8001FE9C50E0031089F /* Info.plist */,
			);
			path = sdkTests;
			sourceTree = "<group>";
		};
		B608A8081FE9C50E0031089F /* sdkUITests */ = {
			isa = PBXGroup;
			children = (
				B608A8091FE9C50E0031089F /* sdkUITests.m */,
				B608A80B1FE9C50E0031089F /* Info.plist */,
			);
			path = sdkUITests;
			sourceTree = "<group>";
		};
/* End PBXGroup section */

/* Begin PBXNativeTarget section */
		B608A7E11FE9C50D0031089F /* sdk */ = {
			isa = PBXNativeTarget;
			buildConfigurationList = B608A80E1FE9C50E0031089F /* Build configuration list for PBXNativeTarget "sdk" */;
			buildPhases = (
				B608A7DE1FE9C50D0031089F /* Sources */,
				B608A7DF1FE9C50D0031089F /* Frameworks */,
				B608A7E01FE9C50D0031089F /* Resources */,
			);
			buildRules = (
			);
			dependencies = (
			);
			name = sdk;
			productName = sdk;
			productReference = B608A7E21FE9C50D0031089F /* sdk.app */;
			productType = "com.apple.product-type.application";
		};
		B608A7F91FE9C50E0031089F /* sdkTests */ = {
			isa = PBXNativeTarget;
			buildConfigurationList = B608A8111FE9C50E0031089F /* Build configuration list for PBXNativeTarget "sdkTests" */;
			buildPhases = (
				B608A7F61FE9C50E0031089F /* Sources */,
				B608A7F71FE9C50E0031089F /* Frameworks */,
				B608A7F81FE9C50E0031089F /* Resources */,
			);
			buildRules = (
			);
			dependencies = (
				B608A7FC1FE9C50E0031089F /* PBXTargetDependency */,
			);
			name = sdkTests;
			productName = sdkTests;
			productReference = B608A7FA1FE9C50E0031089F /* sdkTests.xctest */;
			productType = "com.apple.product-type.bundle.unit-test";
		};
		B608A8041FE9C50E0031089F /* sdkUITests */ = {
			isa = PBXNativeTarget;
			buildConfigurationList = B608A8141FE9C50E0031089F /* Build configuration list for PBXNativeTarget "sdkUITests" */;
			buildPhases = (
				B608A8011FE9C50E0031089F /* Sources */,
				B608A8021FE9C50E0031089F /* Frameworks */,
				B608A8031FE9C50E0031089F /* Resources */,
			);
			buildRules = (
			);
			dependencies = (
				B608A8071FE9C50E0031089F /* PBXTargetDependency */,
			);
			name = sdkUITests;
			productName = sdkUITests;
			productReference = B608A8051FE9C50E0031089F /* sdkUITests.xctest */;
			productType = "com.apple.product-type.bundle.ui-testing";
		};
/* End PBXNativeTarget section */

/* Begin PBXProject section */
		B608A7DA1FE9C50D0031089F /* Project object */ = {
			isa = PBXProject;
			attributes = {
				LastUpgradeCheck = 0900;
				ORGANIZATIONNAME = "SNRB Labs LLC";
				TargetAttributes = {
					B608A7E11FE9C50D0031089F = {
						CreatedOnToolsVersion = 9.0.1;
						ProvisioningStyle = Automatic;
					};
					B608A7F91FE9C50E0031089F = {
						CreatedOnToolsVersion = 9.0.1;
						ProvisioningStyle = Automatic;
						TestTargetID = B608A7E11FE9C50D0031089F;
					};
					B608A8041FE9C50E0031089F = {
						CreatedOnToolsVersion = 9.0.1;
						ProvisioningStyle = Automatic;
						TestTargetID = B608A7E11FE9C50D0031089F;
					};
				};
			};
			buildConfigurationList = B608A7DD1FE9C50D0031089F /* Build configuration list for PBXProject "sdk" */;
			compatibilityVersion = "Xcode 8.0";
			developmentRegion = en;
			hasScannedForEncodings = 0;
			knownRegions = (
				en,
				Base,
			);
			mainGroup = B608A7D91FE9C50D0031089F;
			productRefGroup = B608A7E31FE9C50D0031089F /* Products */;
			projectDirPath = "";
			projectRoot = "";
			targets = (
				B608A7E11FE9C50D0031089F /* sdk */,
				B608A7F91FE9C50E0031089F /* sdkTests */,
				B608A8041FE9C50E0031089F /* sdkUITests */,
			);
		};
/* End PBXProject section */

/* Begin PBXResourcesBuildPhase section */
		B608A7E01FE9C50D0031089F /* Resources */ = {
			isa = PBXResourcesBuildPhase;
			buildActionMask = 2147483647;
			files = (
				B608A7F21FE9C50D0031089F /* LaunchScreen.storyboard in Resources */,
				B608A7EF1FE9C50D0031089F /* Assets.xcassets in Resources */,
				B608A7ED1FE9C50D0031089F /* Main.storyboard in Resources */,
			);
			runOnlyForDeploymentPostprocessing = 0;
		};
		B608A7F81FE9C50E0031089F /* Resources */ = {
			isa = PBXResourcesBuildPhase;
			buildActionMask = 2147483647;
			files = (
			);
			runOnlyForDeploymentPostprocessing = 0;
		};
		B608A8031FE9C50E0031089F /* Resources */ = {
			isa = PBXResourcesBuildPhase;
			buildActionMask = 2147483647;
			files = (
			);
			runOnlyForDeploymentPostprocessing = 0;
		};
/* End PBXResourcesBuildPhase section */

/* Begin PBXSourcesBuildPhase section */
		B608A7DE1FE9C50D0031089F /* Sources */ = {
			isa = PBXSourcesBuildPhase;
			buildActionMask = 2147483647;
			files = (
				B608A7EA1FE9C50D0031089F /* ViewController.m in Sources */,
				B608A7F51FE9C50D0031089F /* main.m in Sources */,
				B68E5742200EA544003BA425 /* SearchViewController.m in Sources */,
				B608A7E71FE9C50D0031089F /* AppDelegate.m in Sources */,
			);
			runOnlyForDeploymentPostprocessing = 0;
		};
		B608A7F61FE9C50E0031089F /* Sources */ = {
			isa = PBXSourcesBuildPhase;
			buildActionMask = 2147483647;
			files = (
				B608A7FF1FE9C50E0031089F /* sdkTests.m in Sources */,
			);
			runOnlyForDeploymentPostprocessing = 0;
		};
		B608A8011FE9C50E0031089F /* Sources */ = {
			isa = PBXSourcesBuildPhase;
			buildActionMask = 2147483647;
			files = (
				B608A80A1FE9C50E0031089F /* sdkUITests.m in Sources */,
			);
			runOnlyForDeploymentPostprocessing = 0;
		};
/* End PBXSourcesBuildPhase section */

/* Begin PBXTargetDependency section */
		B608A7FC1FE9C50E0031089F /* PBXTargetDependency */ = {
			isa = PBXTargetDependency;
			target = B608A7E11FE9C50D0031089F /* sdk */;
			targetProxy = B608A7FB1FE9C50E0031089F /* PBXContainerItemProxy */;
		};
		B608A8071FE9C50E0031089F /* PBXTargetDependency */ = {
			isa = PBXTargetDependency;
			target = B608A7E11FE9C50D0031089F /* sdk */;
			targetProxy = B608A8061FE9C50E0031089F /* PBXContainerItemProxy */;
		};
/* End PBXTargetDependency section */

/* Begin PBXVariantGroup section */
		B608A7EB1FE9C50D0031089F /* Main.storyboard */ = {
			isa = PBXVariantGroup;
			children = (
				B608A7EC1FE9C50D0031089F /* Base */,
			);
			name = Main.storyboard;
			sourceTree = "<group>";
		};
		B608A7F01FE9C50D0031089F /* LaunchScreen.storyboard */ = {
			isa = PBXVariantGroup;
			children = (
				B608A7F11FE9C50D0031089F /* Base */,
			);
			name = LaunchScreen.storyboard;
			sourceTree = "<group>";
		};
/* End PBXVariantGroup section */

/* Begin XCBuildConfiguration section */
		B608A80C1FE9C50E0031089F /* Debug */ = {
			isa = XCBuildConfiguration;
			buildSettings = {
				ALWAYS_SEARCH_USER_PATHS = NO;
				CLANG_ANALYZER_NONNULL = YES;
				CLANG_ANALYZER_NUMBER_OBJECT_CONVERSION = YES_AGGRESSIVE;
				CLANG_CXX_LANGUAGE_STANDARD = "gnu++14";
				CLANG_CXX_LIBRARY = "libc++";
				CLANG_ENABLE_MODULES = YES;
				CLANG_ENABLE_OBJC_ARC = YES;
				CLANG_WARN_BLOCK_CAPTURE_AUTORELEASING = YES;
				CLANG_WARN_BOOL_CONVERSION = YES;
				CLANG_WARN_COMMA = YES;
				CLANG_WARN_CONSTANT_CONVERSION = YES;
				CLANG_WARN_DIRECT_OBJC_ISA_USAGE = YES_ERROR;
				CLANG_WARN_DOCUMENTATION_COMMENTS = YES;
				CLANG_WARN_EMPTY_BODY = YES;
				CLANG_WARN_ENUM_CONVERSION = YES;
				CLANG_WARN_INFINITE_RECURSION = YES;
				CLANG_WARN_INT_CONVERSION = YES;
				CLANG_WARN_NON_LITERAL_NULL_CONVERSION = YES;
				CLANG_WARN_OBJC_LITERAL_CONVERSION = YES;
				CLANG_WARN_OBJC_ROOT_CLASS = YES_ERROR;
				CLANG_WARN_RANGE_LOOP_ANALYSIS = YES;
				CLANG_WARN_STRICT_PROTOTYPES = YES;
				CLANG_WARN_SUSPICIOUS_MOVE = YES;
				CLANG_WARN_UNGUARDED_AVAILABILITY = YES_AGGRESSIVE;
				CLANG_WARN_UNREACHABLE_CODE = YES;
				CLANG_WARN__DUPLICATE_METHOD_MATCH = YES;
				CODE_SIGN_IDENTITY = "iPhone Developer";
				COPY_PHASE_STRIP = NO;
				DEBUG_INFORMATION_FORMAT = dwarf;
				ENABLE_STRICT_OBJC_MSGSEND = YES;
				ENABLE_TESTABILITY = YES;
				GCC_C_LANGUAGE_STANDARD = gnu11;
				GCC_DYNAMIC_NO_PIC = NO;
				GCC_NO_COMMON_BLOCKS = YES;
				GCC_OPTIMIZATION_LEVEL = 0;
				GCC_PREPROCESSOR_DEFINITIONS = (
					"DEBUG=1",
					"$(inherited)",
				);
				GCC_WARN_64_TO_32_BIT_CONVERSION = YES;
				GCC_WARN_ABOUT_RETURN_TYPE = YES_ERROR;
				GCC_WARN_UNDECLARED_SELECTOR = YES;
				GCC_WARN_UNINITIALIZED_AUTOS = YES_AGGRESSIVE;
				GCC_WARN_UNUSED_FUNCTION = YES;
				GCC_WARN_UNUSED_VARIABLE = YES;
				IPHONEOS_DEPLOYMENT_TARGET = 11.0;
				MTL_ENABLE_DEBUG_INFO = YES;
				ONLY_ACTIVE_ARCH = YES;
				SDKROOT = iphoneos;
			};
			name = Debug;
		};
		B608A80D1FE9C50E0031089F /* Release */ = {
			isa = XCBuildConfiguration;
			buildSettings = {
				ALWAYS_SEARCH_USER_PATHS = NO;
				CLANG_ANALYZER_NONNULL = YES;
				CLANG_ANALYZER_NUMBER_OBJECT_CONVERSION = YES_AGGRESSIVE;
				CLANG_CXX_LANGUAGE_STANDARD = "gnu++14";
				CLANG_CXX_LIBRARY = "libc++";
				CLANG_ENABLE_MODULES = YES;
				CLANG_ENABLE_OBJC_ARC = YES;
				CLANG_WARN_BLOCK_CAPTURE_AUTORELEASING = YES;
				CLANG_WARN_BOOL_CONVERSION = YES;
				CLANG_WARN_COMMA = YES;
				CLANG_WARN_CONSTANT_CONVERSION = YES;
				CLANG_WARN_DIRECT_OBJC_ISA_USAGE = YES_ERROR;
				CLANG_WARN_DOCUMENTATION_COMMENTS = YES;
				CLANG_WARN_EMPTY_BODY = YES;
				CLANG_WARN_ENUM_CONVERSION = YES;
				CLANG_WARN_INFINITE_RECURSION = YES;
				CLANG_WARN_INT_CONVERSION = YES;
				CLANG_WARN_NON_LITERAL_NULL_CONVERSION = YES;
				CLANG_WARN_OBJC_LITERAL_CONVERSION = YES;
				CLANG_WARN_OBJC_ROOT_CLASS = YES_ERROR;
				CLANG_WARN_RANGE_LOOP_ANALYSIS = YES;
				CLANG_WARN_STRICT_PROTOTYPES = YES;
				CLANG_WARN_SUSPICIOUS_MOVE = YES;
				CLANG_WARN_UNGUARDED_AVAILABILITY = YES_AGGRESSIVE;
				CLANG_WARN_UNREACHABLE_CODE = YES;
				CLANG_WARN__DUPLICATE_METHOD_MATCH = YES;
				CODE_SIGN_IDENTITY = "iPhone Developer";
				COPY_PHASE_STRIP = NO;
				DEBUG_INFORMATION_FORMAT = "dwarf-with-dsym";
				ENABLE_NS_ASSERTIONS = NO;
				ENABLE_STRICT_OBJC_MSGSEND = YES;
				GCC_C_LANGUAGE_STANDARD = gnu11;
				GCC_NO_COMMON_BLOCKS = YES;
				GCC_WARN_64_TO_32_BIT_CONVERSION = YES;
				GCC_WARN_ABOUT_RETURN_TYPE = YES_ERROR;
				GCC_WARN_UNDECLARED_SELECTOR = YES;
				GCC_WARN_UNINITIALIZED_AUTOS = YES_AGGRESSIVE;
				GCC_WARN_UNUSED_FUNCTION = YES;
				GCC_WARN_UNUSED_VARIABLE = YES;
				IPHONEOS_DEPLOYMENT_TARGET = 11.0;
				MTL_ENABLE_DEBUG_INFO = NO;
				SDKROOT = iphoneos;
				VALIDATE_PRODUCT = YES;
			};
			name = Release;
		};
		B608A80F1FE9C50E0031089F /* Debug */ = {
			isa = XCBuildConfiguration;
			buildSettings = {
				ASSETCATALOG_COMPILER_APPICON_NAME = AppIcon;
				CODE_SIGN_STYLE = Automatic;
				INFOPLIST_FILE = sdk/Info.plist;
				LD_RUNPATH_SEARCH_PATHS = "$(inherited) @executable_path/Frameworks";
				PRODUCT_BUNDLE_IDENTIFIER = com.snrb.sdk;
				PRODUCT_NAME = "$(TARGET_NAME)";
				TARGETED_DEVICE_FAMILY = "1,2";
			};
			name = Debug;
		};
		B608A8101FE9C50E0031089F /* Release */ = {
			isa = XCBuildConfiguration;
			buildSettings = {
				ASSETCATALOG_COMPILER_APPICON_NAME = AppIcon;
				CODE_SIGN_STYLE = Automatic;
				INFOPLIST_FILE = sdk/Info.plist;
				LD_RUNPATH_SEARCH_PATHS = "$(inherited) @executable_path/Frameworks";
				PRODUCT_BUNDLE_IDENTIFIER = com.snrb.sdk;
				PRODUCT_NAME = "$(TARGET_NAME)";
				TARGETED_DEVICE_FAMILY = "1,2";
			};
			name = Release;
		};
		B608A8121FE9C50E0031089F /* Debug */ = {
			isa = XCBuildConfiguration;
			buildSettings = {
				BUNDLE_LOADER = "$(TEST_HOST)";
				CODE_SIGN_STYLE = Automatic;
				INFOPLIST_FILE = sdkTests/Info.plist;
				LD_RUNPATH_SEARCH_PATHS = "$(inherited) @executable_path/Frameworks @loader_path/Frameworks";
				PRODUCT_BUNDLE_IDENTIFIER = com.snrb.sdkTests;
				PRODUCT_NAME = "$(TARGET_NAME)";
				TARGETED_DEVICE_FAMILY = "1,2";
				TEST_HOST = "$(BUILT_PRODUCTS_DIR)/sdk.app/sdk";
			};
			name = Debug;
		};
		B608A8131FE9C50E0031089F /* Release */ = {
			isa = XCBuildConfiguration;
			buildSettings = {
				BUNDLE_LOADER = "$(TEST_HOST)";
				CODE_SIGN_STYLE = Automatic;
				INFOPLIST_FILE = sdkTests/Info.plist;
				LD_RUNPATH_SEARCH_PATHS = "$(inherited) @executable_path/Frameworks @loader_path/Frameworks";
				PRODUCT_BUNDLE_IDENTIFIER = com.snrb.sdkTests;
				PRODUCT_NAME = "$(TARGET_NAME)";
				TARGETED_DEVICE_FAMILY = "1,2";
				TEST_HOST = "$(BUILT_PRODUCTS_DIR)/sdk.app/sdk";
			};
			name = Release;
		};
		B608A8151FE9C50E0031089F /* Debug */ = {
			isa = XCBuildConfiguration;
			buildSettings = {
				CODE_SIGN_STYLE = Automatic;
				INFOPLIST_FILE = sdkUITests/Info.plist;
				LD_RUNPATH_SEARCH_PATHS = "$(inherited) @executable_path/Frameworks @loader_path/Frameworks";
				PRODUCT_BUNDLE_IDENTIFIER = com.snrb.sdkUITests;
				PRODUCT_NAME = "$(TARGET_NAME)";
				TARGETED_DEVICE_FAMILY = "1,2";
				TEST_TARGET_NAME = sdk;
			};
			name = Debug;
		};
		B608A8161FE9C50E0031089F /* Release */ = {
			isa = XCBuildConfiguration;
			buildSettings = {
				CODE_SIGN_STYLE = Automatic;
				INFOPLIST_FILE = sdkUITests/Info.plist;
				LD_RUNPATH_SEARCH_PATHS = "$(inherited) @executable_path/Frameworks @loader_path/Frameworks";
				PRODUCT_BUNDLE_IDENTIFIER = com.snrb.sdkUITests;
				PRODUCT_NAME = "$(TARGET_NAME)";
				TARGETED_DEVICE_FAMILY = "1,2";
				TEST_TARGET_NAME = sdk;
			};
			name = Release;
		};
/* End XCBuildConfiguration section */

/* Begin XCConfigurationList section */
		B608A7DD1FE9C50D0031089F /* Build configuration list for PBXProject "sdk" */ = {
			isa = XCConfigurationList;
			buildConfigurations = (
				B608A80C1FE9C50E0031089F /* Debug */,
				B608A80D1FE9C50E0031089F /* Release */,
			);
			defaultConfigurationIsVisible = 0;
			defaultConfigurationName = Release;
		};
		B608A80E1FE9C50E0031089F /* Build configuration list for PBXNativeTarget "sdk" */ = {
			isa = XCConfigurationList;
			buildConfigurations = (
				B608A80F1FE9C50E0031089F /* Debug */,
				B608A8101FE9C50E0031089F /* Release */,
			);
			defaultConfigurationIsVisible = 0;
			defaultConfigurationName = Release;
		};
		B608A8111FE9C50E0031089F /* Build configuration list for PBXNativeTarget "sdkTests" */ = {
			isa = XCConfigurationList;
			buildConfigurations = (
				B608A8121FE9C50E0031089F /* Debug */,
				B608A8131FE9C50E0031089F /* Release */,
			);
			defaultConfigurationIsVisible = 0;
			defaultConfigurationName = Release;
		};
		B608A8141FE9C50E0031089F /* Build configuration list for PBXNativeTarget "sdkUITests" */ = {
			isa = XCConfigurationList;
			buildConfigurations = (
				B608A8151FE9C50E0031089F /* Debug */,
				B608A8161FE9C50E0031089F /* Release */,
			);
			defaultConfigurationIsVisible = 0;
			defaultConfigurationName = Release;
		};
/* End XCConfigurationList section */
	};
	rootObject = B608A7DA1FE9C50D0031089F /* Project object */;
}
